// !$*UTF8*$!
{
	archiveVersion = 1;
	classes = {
	};
	objectVersion = 48;
	objects = {

/* Begin PBXBuildFile section */
		B51727E420368BE000243AA5 /* AppDelegate.m in Sources */ = {isa = PBXBuildFile; fileRef = B51727E320368BE000243AA5 /* AppDelegate.m */; };
		B51727EA20368BE000243AA5 /* Main.storyboard in Resources */ = {isa = PBXBuildFile; fileRef = B51727E820368BE000243AA5 /* Main.storyboard */; };
		B51727EC20368BE000243AA5 /* Assets.xcassets in Resources */ = {isa = PBXBuildFile; fileRef = B51727EB20368BE000243AA5 /* Assets.xcassets */; };
		B51727EF20368BE000243AA5 /* LaunchScreen.storyboard in Resources */ = {isa = PBXBuildFile; fileRef = B51727ED20368BE000243AA5 /* LaunchScreen.storyboard */; };
		B51727F220368BE000243AA5 /* main.m in Sources */ = {isa = PBXBuildFile; fileRef = B51727F120368BE000243AA5 /* main.m */; };
		B51727FC20368BE000243AA5 /* TimeToLeaveTests.m in Sources */ = {isa = PBXBuildFile; fileRef = B51727FB20368BE000243AA5 /* TimeToLeaveTests.m */; };
		B517280720368BE000243AA5 /* TimeToLeaveUITests.m in Sources */ = {isa = PBXBuildFile; fileRef = B517280620368BE000243AA5 /* TimeToLeaveUITests.m */; };
		B51728182036921C00243AA5 /* ETACell.m in Sources */ = {isa = PBXBuildFile; fileRef = B51728162036921C00243AA5 /* ETACell.m */; };
		B51728192036921C00243AA5 /* ETACell.xib in Resources */ = {isa = PBXBuildFile; fileRef = B51728172036921C00243AA5 /* ETACell.xib */; };
		B517281D2036927A00243AA5 /* ModernView.m in Sources */ = {isa = PBXBuildFile; fileRef = B517281C2036927A00243AA5 /* ModernView.m */; };
		B51728212036978C00243AA5 /* ETAItem.m in Sources */ = {isa = PBXBuildFile; fileRef = B51728202036978C00243AA5 /* ETAItem.m */; };
		B517282520369DEE00243AA5 /* HomeTableViewController.m in Sources */ = {isa = PBXBuildFile; fileRef = B517282420369DEE00243AA5 /* HomeTableViewController.m */; };
		B51728282037815700243AA5 /* AppConstants.m in Sources */ = {isa = PBXBuildFile; fileRef = B51728272037815700243AA5 /* AppConstants.m */; };
		B517282B2037972600243AA5 /* Home.storyboard in Resources */ = {isa = PBXBuildFile; fileRef = B517282A2037972600243AA5 /* Home.storyboard */; };
		B52DCBA7203E9B7400430051 /* OverlayViewController.m in Sources */ = {isa = PBXBuildFile; fileRef = B52DCBA6203E9B7400430051 /* OverlayViewController.m */; };
		B52DCBAB203F7EC200430051 /* BVReorderTableView.m in Sources */ = {isa = PBXBuildFile; fileRef = B52DCBAA203F7EC200430051 /* BVReorderTableView.m */; };
		B52DCBAF203FC24700430051 /* ActivityIndicatorCell.m in Sources */ = {isa = PBXBuildFile; fileRef = B52DCBAD203FC24700430051 /* ActivityIndicatorCell.m */; };
		B52DCBB0203FC24700430051 /* ActivityIndicatorCell.xib in Resources */ = {isa = PBXBuildFile; fileRef = B52DCBAE203FC24700430051 /* ActivityIndicatorCell.xib */; };
		B52DCBB3203FEC4F00430051 /* SettingsTableViewController.m in Sources */ = {isa = PBXBuildFile; fileRef = B52DCBB2203FEC4F00430051 /* SettingsTableViewController.m */; };
		B56F2E9C2040ACA7009D941A /* NavigationLauncher.m in Sources */ = {isa = PBXBuildFile; fileRef = B56F2E9B2040ACA7009D941A /* NavigationLauncher.m */; };
		B56F2E9E2040B027009D941A /* AddPlace.storyboard in Resources */ = {isa = PBXBuildFile; fileRef = B56F2E9D2040B027009D941A /* AddPlace.storyboard */; };
		B5749A2C2037A1FB0018EC71 /* CornerView.m in Sources */ = {isa = PBXBuildFile; fileRef = B5749A2B2037A1FB0018EC71 /* CornerView.m */; };
		B5749A2F2037B7330018EC71 /* AddPlaceTableViewController.m in Sources */ = {isa = PBXBuildFile; fileRef = B5749A2E2037B7330018EC71 /* AddPlaceTableViewController.m */; };
		B5749A322037BE610018EC71 /* AddModalViewController.m in Sources */ = {isa = PBXBuildFile; fileRef = B5749A312037BE610018EC71 /* AddModalViewController.m */; };
		B5749A3520390FCD0018EC71 /* LocationMapViewController.m in Sources */ = {isa = PBXBuildFile; fileRef = B5749A3420390FCC0018EC71 /* LocationMapViewController.m */; };
		B5749A3820390FF60018EC71 /* LocationSearchTableViewController.m in Sources */ = {isa = PBXBuildFile; fileRef = B5749A3720390FF60018EC71 /* LocationSearchTableViewController.m */; };
		B5749A3B203A6E630018EC71 /* PlacesManager.m in Sources */ = {isa = PBXBuildFile; fileRef = B5749A3A203A6E630018EC71 /* PlacesManager.m */; };
		B5A96D5220451A0600243924 /* Animator.m in Sources */ = {isa = PBXBuildFile; fileRef = B5A96D5120451A0600243924 /* Animator.m */; };
		B5A96D562045406800243924 /* EmptyPlacesCell.m in Sources */ = {isa = PBXBuildFile; fileRef = B5A96D542045406800243924 /* EmptyPlacesCell.m */; };
		B5A96D572045406800243924 /* EmptyPlacesCell.xib in Resources */ = {isa = PBXBuildFile; fileRef = B5A96D552045406800243924 /* EmptyPlacesCell.xib */; };
		B5A96D5920460D2600243924 /* Settings.storyboard in Resources */ = {isa = PBXBuildFile; fileRef = B5A96D5820460D2600243924 /* Settings.storyboard */; };
		B5A96D5B204610E400243924 /* Onboard.storyboard in Resources */ = {isa = PBXBuildFile; fileRef = B5A96D5A204610E400243924 /* Onboard.storyboard */; };
		B5A96D5E2046380E00243924 /* WelcomeViewController.m in Sources */ = {isa = PBXBuildFile; fileRef = B5A96D5D2046380E00243924 /* WelcomeViewController.m */; };
/* End PBXBuildFile section */

/* Begin PBXContainerItemProxy section */
		B51727F820368BE000243AA5 /* PBXContainerItemProxy */ = {
			isa = PBXContainerItemProxy;
			containerPortal = B51727D720368BE000243AA5 /* Project object */;
			proxyType = 1;
			remoteGlobalIDString = B51727DE20368BE000243AA5;
			remoteInfo = TimeToLeave;
		};
		B517280320368BE000243AA5 /* PBXContainerItemProxy */ = {
			isa = PBXContainerItemProxy;
			containerPortal = B51727D720368BE000243AA5 /* Project object */;
			proxyType = 1;
			remoteGlobalIDString = B51727DE20368BE000243AA5;
			remoteInfo = TimeToLeave;
		};
/* End PBXContainerItemProxy section */

/* Begin PBXFileReference section */
		B51727DF20368BE000243AA5 /* TimeToLeave.app */ = {isa = PBXFileReference; explicitFileType = wrapper.application; includeInIndex = 0; path = TimeToLeave.app; sourceTree = BUILT_PRODUCTS_DIR; };
		B51727E220368BE000243AA5 /* AppDelegate.h */ = {isa = PBXFileReference; lastKnownFileType = sourcecode.c.h; path = AppDelegate.h; sourceTree = "<group>"; };
		B51727E320368BE000243AA5 /* AppDelegate.m */ = {isa = PBXFileReference; lastKnownFileType = sourcecode.c.objc; path = AppDelegate.m; sourceTree = "<group>"; };
		B51727E920368BE000243AA5 /* Base */ = {isa = PBXFileReference; lastKnownFileType = file.storyboard; name = Base; path = Base.lproj/Main.storyboard; sourceTree = "<group>"; };
		B51727EB20368BE000243AA5 /* Assets.xcassets */ = {isa = PBXFileReference; lastKnownFileType = folder.assetcatalog; path = Assets.xcassets; sourceTree = "<group>"; };
		B51727EE20368BE000243AA5 /* Base */ = {isa = PBXFileReference; lastKnownFileType = file.storyboard; name = Base; path = Base.lproj/LaunchScreen.storyboard; sourceTree = "<group>"; };
		B51727F020368BE000243AA5 /* Info.plist */ = {isa = PBXFileReference; lastKnownFileType = text.plist.xml; path = Info.plist; sourceTree = "<group>"; };
		B51727F120368BE000243AA5 /* main.m */ = {isa = PBXFileReference; lastKnownFileType = sourcecode.c.objc; path = main.m; sourceTree = "<group>"; };
		B51727F720368BE000243AA5 /* TimeToLeaveTests.xctest */ = {isa = PBXFileReference; explicitFileType = wrapper.cfbundle; includeInIndex = 0; path = TimeToLeaveTests.xctest; sourceTree = BUILT_PRODUCTS_DIR; };
		B51727FB20368BE000243AA5 /* TimeToLeaveTests.m */ = {isa = PBXFileReference; lastKnownFileType = sourcecode.c.objc; path = TimeToLeaveTests.m; sourceTree = "<group>"; };
		B51727FD20368BE000243AA5 /* Info.plist */ = {isa = PBXFileReference; lastKnownFileType = text.plist.xml; path = Info.plist; sourceTree = "<group>"; };
		B517280220368BE000243AA5 /* TimeToLeaveUITests.xctest */ = {isa = PBXFileReference; explicitFileType = wrapper.cfbundle; includeInIndex = 0; path = TimeToLeaveUITests.xctest; sourceTree = BUILT_PRODUCTS_DIR; };
		B517280620368BE000243AA5 /* TimeToLeaveUITests.m */ = {isa = PBXFileReference; lastKnownFileType = sourcecode.c.objc; path = TimeToLeaveUITests.m; sourceTree = "<group>"; };
		B517280820368BE000243AA5 /* Info.plist */ = {isa = PBXFileReference; lastKnownFileType = text.plist.xml; path = Info.plist; sourceTree = "<group>"; };
		B51728152036921C00243AA5 /* ETACell.h */ = {isa = PBXFileReference; lastKnownFileType = sourcecode.c.h; path = ETACell.h; sourceTree = "<group>"; };
		B51728162036921C00243AA5 /* ETACell.m */ = {isa = PBXFileReference; lastKnownFileType = sourcecode.c.objc; path = ETACell.m; sourceTree = "<group>"; };
		B51728172036921C00243AA5 /* ETACell.xib */ = {isa = PBXFileReference; lastKnownFileType = file.xib; path = ETACell.xib; sourceTree = "<group>"; };
		B517281B2036927A00243AA5 /* ModernView.h */ = {isa = PBXFileReference; fileEncoding = 4; lastKnownFileType = sourcecode.c.h; path = ModernView.h; sourceTree = "<group>"; };
		B517281C2036927A00243AA5 /* ModernView.m */ = {isa = PBXFileReference; fileEncoding = 4; lastKnownFileType = sourcecode.c.objc; path = ModernView.m; sourceTree = "<group>"; };
		B517281F2036978C00243AA5 /* ETAItem.h */ = {isa = PBXFileReference; lastKnownFileType = sourcecode.c.h; path = ETAItem.h; sourceTree = "<group>"; };
		B51728202036978C00243AA5 /* ETAItem.m */ = {isa = PBXFileReference; lastKnownFileType = sourcecode.c.objc; path = ETAItem.m; sourceTree = "<group>"; };
		B517282320369DEE00243AA5 /* HomeTableViewController.h */ = {isa = PBXFileReference; lastKnownFileType = sourcecode.c.h; path = HomeTableViewController.h; sourceTree = "<group>"; };
		B517282420369DEE00243AA5 /* HomeTableViewController.m */ = {isa = PBXFileReference; lastKnownFileType = sourcecode.c.objc; path = HomeTableViewController.m; sourceTree = "<group>"; };
		B51728262037815700243AA5 /* AppConstants.h */ = {isa = PBXFileReference; lastKnownFileType = sourcecode.c.h; path = AppConstants.h; sourceTree = "<group>"; };
		B51728272037815700243AA5 /* AppConstants.m */ = {isa = PBXFileReference; lastKnownFileType = sourcecode.c.objc; path = AppConstants.m; sourceTree = "<group>"; };
		B517282A2037972600243AA5 /* Home.storyboard */ = {isa = PBXFileReference; fileEncoding = 4; lastKnownFileType = file.storyboard; path = Home.storyboard; sourceTree = "<group>"; };
		B52DCBA5203E9B7400430051 /* OverlayViewController.h */ = {isa = PBXFileReference; lastKnownFileType = sourcecode.c.h; path = OverlayViewController.h; sourceTree = "<group>"; };
		B52DCBA6203E9B7400430051 /* OverlayViewController.m */ = {isa = PBXFileReference; lastKnownFileType = sourcecode.c.objc; path = OverlayViewController.m; sourceTree = "<group>"; };
		B52DCBA9203F7EC200430051 /* BVReorderTableView.h */ = {isa = PBXFileReference; fileEncoding = 4; lastKnownFileType = sourcecode.c.h; path = BVReorderTableView.h; sourceTree = "<group>"; };
		B52DCBAA203F7EC200430051 /* BVReorderTableView.m */ = {isa = PBXFileReference; fileEncoding = 4; lastKnownFileType = sourcecode.c.objc; path = BVReorderTableView.m; sourceTree = "<group>"; };
		B52DCBAC203FC24700430051 /* ActivityIndicatorCell.h */ = {isa = PBXFileReference; lastKnownFileType = sourcecode.c.h; path = ActivityIndicatorCell.h; sourceTree = "<group>"; };
		B52DCBAD203FC24700430051 /* ActivityIndicatorCell.m */ = {isa = PBXFileReference; lastKnownFileType = sourcecode.c.objc; path = ActivityIndicatorCell.m; sourceTree = "<group>"; };
		B52DCBAE203FC24700430051 /* ActivityIndicatorCell.xib */ = {isa = PBXFileReference; lastKnownFileType = file.xib; path = ActivityIndicatorCell.xib; sourceTree = "<group>"; };
		B52DCBB1203FEC4F00430051 /* SettingsTableViewController.h */ = {isa = PBXFileReference; lastKnownFileType = sourcecode.c.h; path = SettingsTableViewController.h; sourceTree = "<group>"; };
		B52DCBB2203FEC4F00430051 /* SettingsTableViewController.m */ = {isa = PBXFileReference; lastKnownFileType = sourcecode.c.objc; path = SettingsTableViewController.m; sourceTree = "<group>"; };
		B56F2E9A2040ACA7009D941A /* NavigationLauncher.h */ = {isa = PBXFileReference; lastKnownFileType = sourcecode.c.h; path = NavigationLauncher.h; sourceTree = "<group>"; };
		B56F2E9B2040ACA7009D941A /* NavigationLauncher.m */ = {isa = PBXFileReference; lastKnownFileType = sourcecode.c.objc; path = NavigationLauncher.m; sourceTree = "<group>"; };
		B56F2E9D2040B027009D941A /* AddPlace.storyboard */ = {isa = PBXFileReference; fileEncoding = 4; lastKnownFileType = file.storyboard; path = AddPlace.storyboard; sourceTree = "<group>"; };
		B5749A2A2037A1FB0018EC71 /* CornerView.h */ = {isa = PBXFileReference; lastKnownFileType = sourcecode.c.h; path = CornerView.h; sourceTree = "<group>"; };
		B5749A2B2037A1FB0018EC71 /* CornerView.m */ = {isa = PBXFileReference; lastKnownFileType = sourcecode.c.objc; path = CornerView.m; sourceTree = "<group>"; };
		B5749A2D2037B7330018EC71 /* AddPlaceTableViewController.h */ = {isa = PBXFileReference; lastKnownFileType = sourcecode.c.h; path = AddPlaceTableViewController.h; sourceTree = "<group>"; };
		B5749A2E2037B7330018EC71 /* AddPlaceTableViewController.m */ = {isa = PBXFileReference; lastKnownFileType = sourcecode.c.objc; path = AddPlaceTableViewController.m; sourceTree = "<group>"; };
		B5749A302037BE610018EC71 /* AddModalViewController.h */ = {isa = PBXFileReference; lastKnownFileType = sourcecode.c.h; path = AddModalViewController.h; sourceTree = "<group>"; };
		B5749A312037BE610018EC71 /* AddModalViewController.m */ = {isa = PBXFileReference; lastKnownFileType = sourcecode.c.objc; path = AddModalViewController.m; sourceTree = "<group>"; };
		B5749A3320390FCC0018EC71 /* LocationMapViewController.h */ = {isa = PBXFileReference; lastKnownFileType = sourcecode.c.h; path = LocationMapViewController.h; sourceTree = "<group>"; };
		B5749A3420390FCC0018EC71 /* LocationMapViewController.m */ = {isa = PBXFileReference; lastKnownFileType = sourcecode.c.objc; path = LocationMapViewController.m; sourceTree = "<group>"; };
		B5749A3620390FF60018EC71 /* LocationSearchTableViewController.h */ = {isa = PBXFileReference; lastKnownFileType = sourcecode.c.h; path = LocationSearchTableViewController.h; sourceTree = "<group>"; };
		B5749A3720390FF60018EC71 /* LocationSearchTableViewController.m */ = {isa = PBXFileReference; lastKnownFileType = sourcecode.c.objc; path = LocationSearchTableViewController.m; sourceTree = "<group>"; };
		B5749A39203A6E630018EC71 /* PlacesManager.h */ = {isa = PBXFileReference; lastKnownFileType = sourcecode.c.h; path = PlacesManager.h; sourceTree = "<group>"; };
		B5749A3A203A6E630018EC71 /* PlacesManager.m */ = {isa = PBXFileReference; lastKnownFileType = sourcecode.c.objc; path = PlacesManager.m; sourceTree = "<group>"; };
		B5A96D5020451A0600243924 /* Animator.h */ = {isa = PBXFileReference; lastKnownFileType = sourcecode.c.h; path = Animator.h; sourceTree = "<group>"; };
		B5A96D5120451A0600243924 /* Animator.m */ = {isa = PBXFileReference; lastKnownFileType = sourcecode.c.objc; path = Animator.m; sourceTree = "<group>"; };
		B5A96D532045406800243924 /* EmptyPlacesCell.h */ = {isa = PBXFileReference; lastKnownFileType = sourcecode.c.h; path = EmptyPlacesCell.h; sourceTree = "<group>"; };
		B5A96D542045406800243924 /* EmptyPlacesCell.m */ = {isa = PBXFileReference; lastKnownFileType = sourcecode.c.objc; path = EmptyPlacesCell.m; sourceTree = "<group>"; };
		B5A96D552045406800243924 /* EmptyPlacesCell.xib */ = {isa = PBXFileReference; lastKnownFileType = file.xib; path = EmptyPlacesCell.xib; sourceTree = "<group>"; };
		B5A96D5820460D2600243924 /* Settings.storyboard */ = {isa = PBXFileReference; fileEncoding = 4; lastKnownFileType = file.storyboard; path = Settings.storyboard; sourceTree = "<group>"; };
		B5A96D5A204610E400243924 /* Onboard.storyboard */ = {isa = PBXFileReference; lastKnownFileType = file.storyboard; path = Onboard.storyboard; sourceTree = "<group>"; };
		B5A96D5C2046380E00243924 /* WelcomeViewController.h */ = {isa = PBXFileReference; lastKnownFileType = sourcecode.c.h; path = WelcomeViewController.h; sourceTree = "<group>"; };
		B5A96D5D2046380E00243924 /* WelcomeViewController.m */ = {isa = PBXFileReference; lastKnownFileType = sourcecode.c.objc; path = WelcomeViewController.m; sourceTree = "<group>"; };
/* End PBXFileReference section */

/* Begin PBXFrameworksBuildPhase section */
		B51727DC20368BE000243AA5 /* Frameworks */ = {
			isa = PBXFrameworksBuildPhase;
			buildActionMask = 2147483647;
			files = (
			);
			runOnlyForDeploymentPostprocessing = 0;
		};
		B51727F420368BE000243AA5 /* Frameworks */ = {
			isa = PBXFrameworksBuildPhase;
			buildActionMask = 2147483647;
			files = (
			);
			runOnlyForDeploymentPostprocessing = 0;
		};
		B51727FF20368BE000243AA5 /* Frameworks */ = {
			isa = PBXFrameworksBuildPhase;
			buildActionMask = 2147483647;
			files = (
			);
			runOnlyForDeploymentPostprocessing = 0;
		};
/* End PBXFrameworksBuildPhase section */

/* Begin PBXGroup section */
		B51727D620368BE000243AA5 = {
			isa = PBXGroup;
			children = (
				B51727E120368BE000243AA5 /* TimeToLeave */,
				B51727FA20368BE000243AA5 /* TimeToLeaveTests */,
				B517280520368BE000243AA5 /* TimeToLeaveUITests */,
				B51727E020368BE000243AA5 /* Products */,
			);
			sourceTree = "<group>";
		};
		B51727E020368BE000243AA5 /* Products */ = {
			isa = PBXGroup;
			children = (
				B51727DF20368BE000243AA5 /* TimeToLeave.app */,
				B51727F720368BE000243AA5 /* TimeToLeaveTests.xctest */,
				B517280220368BE000243AA5 /* TimeToLeaveUITests.xctest */,
			);
			name = Products;
			sourceTree = "<group>";
		};
		B51727E120368BE000243AA5 /* TimeToLeave */ = {
			isa = PBXGroup;
			children = (
				B5172829203796F200243AA5 /* Storyboards */,
				B517282220369DDC00243AA5 /* View Controllers */,
				B517281E2036976900243AA5 /* Models */,
				B517281A2036922C00243AA5 /* Views */,
				B5172814203691FC00243AA5 /* Cells */,
				B51727E220368BE000243AA5 /* AppDelegate.h */,
				B51727E320368BE000243AA5 /* AppDelegate.m */,
				B51727E820368BE000243AA5 /* Main.storyboard */,
				B51727EB20368BE000243AA5 /* Assets.xcassets */,
				B51727ED20368BE000243AA5 /* LaunchScreen.storyboard */,
				B51727F020368BE000243AA5 /* Info.plist */,
				B51727F120368BE000243AA5 /* main.m */,
			);
			path = TimeToLeave;
			sourceTree = "<group>";
		};
		B51727FA20368BE000243AA5 /* TimeToLeaveTests */ = {
			isa = PBXGroup;
			children = (
				B51727FB20368BE000243AA5 /* TimeToLeaveTests.m */,
				B51727FD20368BE000243AA5 /* Info.plist */,
			);
			path = TimeToLeaveTests;
			sourceTree = "<group>";
		};
		B517280520368BE000243AA5 /* TimeToLeaveUITests */ = {
			isa = PBXGroup;
			children = (
				B517280620368BE000243AA5 /* TimeToLeaveUITests.m */,
				B517280820368BE000243AA5 /* Info.plist */,
			);
			path = TimeToLeaveUITests;
			sourceTree = "<group>";
		};
		B5172814203691FC00243AA5 /* Cells */ = {
			isa = PBXGroup;
			children = (
				B51728152036921C00243AA5 /* ETACell.h */,
				B51728162036921C00243AA5 /* ETACell.m */,
				B51728172036921C00243AA5 /* ETACell.xib */,
				B52DCBAC203FC24700430051 /* ActivityIndicatorCell.h */,
				B52DCBAD203FC24700430051 /* ActivityIndicatorCell.m */,
				B52DCBAE203FC24700430051 /* ActivityIndicatorCell.xib */,
				B5A96D532045406800243924 /* EmptyPlacesCell.h */,
				B5A96D542045406800243924 /* EmptyPlacesCell.m */,
				B5A96D552045406800243924 /* EmptyPlacesCell.xib */,
			);
			path = Cells;
			sourceTree = "<group>";
		};
		B517281A2036922C00243AA5 /* Views */ = {
			isa = PBXGroup;
			children = (
				B52DCBA9203F7EC200430051 /* BVReorderTableView.h */,
				B52DCBAA203F7EC200430051 /* BVReorderTableView.m */,
				B517281B2036927A00243AA5 /* ModernView.h */,
				B517281C2036927A00243AA5 /* ModernView.m */,
				B5749A2A2037A1FB0018EC71 /* CornerView.h */,
				B5749A2B2037A1FB0018EC71 /* CornerView.m */,
			);
			path = Views;
			sourceTree = "<group>";
		};
		B517281E2036976900243AA5 /* Models */ = {
			isa = PBXGroup;
			children = (
				B517281F2036978C00243AA5 /* ETAItem.h */,
				B51728202036978C00243AA5 /* ETAItem.m */,
				B51728262037815700243AA5 /* AppConstants.h */,
				B51728272037815700243AA5 /* AppConstants.m */,
				B5749A39203A6E630018EC71 /* PlacesManager.h */,
				B5749A3A203A6E630018EC71 /* PlacesManager.m */,
				B56F2E9A2040ACA7009D941A /* NavigationLauncher.h */,
				B56F2E9B2040ACA7009D941A /* NavigationLauncher.m */,
				B5A96D5020451A0600243924 /* Animator.h */,
				B5A96D5120451A0600243924 /* Animator.m */,
			);
			path = Models;
			sourceTree = "<group>";
		};
		B517282220369DDC00243AA5 /* View Controllers */ = {
			isa = PBXGroup;
			children = (
				B517282320369DEE00243AA5 /* HomeTableViewController.h */,
				B517282420369DEE00243AA5 /* HomeTableViewController.m */,
				B5749A302037BE610018EC71 /* AddModalViewController.h */,
				B5749A312037BE610018EC71 /* AddModalViewController.m */,
				B5749A2D2037B7330018EC71 /* AddPlaceTableViewController.h */,
				B5749A2E2037B7330018EC71 /* AddPlaceTableViewController.m */,
				B5749A3320390FCC0018EC71 /* LocationMapViewController.h */,
				B5749A3420390FCC0018EC71 /* LocationMapViewController.m */,
				B5749A3620390FF60018EC71 /* LocationSearchTableViewController.h */,
				B5749A3720390FF60018EC71 /* LocationSearchTableViewController.m */,
				B52DCBA5203E9B7400430051 /* OverlayViewController.h */,
				B52DCBA6203E9B7400430051 /* OverlayViewController.m */,
				B52DCBB1203FEC4F00430051 /* SettingsTableViewController.h */,
				B52DCBB2203FEC4F00430051 /* SettingsTableViewController.m */,
				B5A96D5C2046380E00243924 /* WelcomeViewController.h */,
				B5A96D5D2046380E00243924 /* WelcomeViewController.m */,
			);
			path = "View Controllers";
			sourceTree = "<group>";
		};
		B5172829203796F200243AA5 /* Storyboards */ = {
			isa = PBXGroup;
			children = (
				B517282A2037972600243AA5 /* Home.storyboard */,
				B5A96D5820460D2600243924 /* Settings.storyboard */,
				B56F2E9D2040B027009D941A /* AddPlace.storyboard */,
				B5A96D5A204610E400243924 /* Onboard.storyboard */,
			);
			path = Storyboards;
			sourceTree = "<group>";
		};
/* End PBXGroup section */

/* Begin PBXNativeTarget section */
		B51727DE20368BE000243AA5 /* TimeToLeave */ = {
			isa = PBXNativeTarget;
			buildConfigurationList = B517280B20368BE000243AA5 /* Build configuration list for PBXNativeTarget "TimeToLeave" */;
			buildPhases = (
				B51727DB20368BE000243AA5 /* Sources */,
				B51727DC20368BE000243AA5 /* Frameworks */,
				B51727DD20368BE000243AA5 /* Resources */,
			);
			buildRules = (
			);
			dependencies = (
			);
			name = TimeToLeave;
			productName = TimeToLeave;
			productReference = B51727DF20368BE000243AA5 /* TimeToLeave.app */;
			productType = "com.apple.product-type.application";
		};
		B51727F620368BE000243AA5 /* TimeToLeaveTests */ = {
			isa = PBXNativeTarget;
			buildConfigurationList = B517280E20368BE000243AA5 /* Build configuration list for PBXNativeTarget "TimeToLeaveTests" */;
			buildPhases = (
				B51727F320368BE000243AA5 /* Sources */,
				B51727F420368BE000243AA5 /* Frameworks */,
				B51727F520368BE000243AA5 /* Resources */,
			);
			buildRules = (
			);
			dependencies = (
				B51727F920368BE000243AA5 /* PBXTargetDependency */,
			);
			name = TimeToLeaveTests;
			productName = TimeToLeaveTests;
			productReference = B51727F720368BE000243AA5 /* TimeToLeaveTests.xctest */;
			productType = "com.apple.product-type.bundle.unit-test";
		};
		B517280120368BE000243AA5 /* TimeToLeaveUITests */ = {
			isa = PBXNativeTarget;
			buildConfigurationList = B517281120368BE000243AA5 /* Build configuration list for PBXNativeTarget "TimeToLeaveUITests" */;
			buildPhases = (
				B51727FE20368BE000243AA5 /* Sources */,
				B51727FF20368BE000243AA5 /* Frameworks */,
				B517280020368BE000243AA5 /* Resources */,
			);
			buildRules = (
			);
			dependencies = (
				B517280420368BE000243AA5 /* PBXTargetDependency */,
			);
			name = TimeToLeaveUITests;
			productName = TimeToLeaveUITests;
			productReference = B517280220368BE000243AA5 /* TimeToLeaveUITests.xctest */;
			productType = "com.apple.product-type.bundle.ui-testing";
		};
/* End PBXNativeTarget section */

/* Begin PBXProject section */
		B51727D720368BE000243AA5 /* Project object */ = {
			isa = PBXProject;
			attributes = {
				LastUpgradeCheck = 0920;
				ORGANIZATIONNAME = "Punya Chatterjee";
				TargetAttributes = {
					B51727DE20368BE000243AA5 = {
						CreatedOnToolsVersion = 9.2;
						ProvisioningStyle = Automatic;
					};
					B51727F620368BE000243AA5 = {
						CreatedOnToolsVersion = 9.2;
						ProvisioningStyle = Automatic;
						TestTargetID = B51727DE20368BE000243AA5;
					};
					B517280120368BE000243AA5 = {
						CreatedOnToolsVersion = 9.2;
						ProvisioningStyle = Automatic;
						TestTargetID = B51727DE20368BE000243AA5;
					};
				};
			};
			buildConfigurationList = B51727DA20368BE000243AA5 /* Build configuration list for PBXProject "TimeToLeave" */;
			compatibilityVersion = "Xcode 8.0";
			developmentRegion = en;
			hasScannedForEncodings = 0;
			knownRegions = (
				en,
				Base,
			);
			mainGroup = B51727D620368BE000243AA5;
			productRefGroup = B51727E020368BE000243AA5 /* Products */;
			projectDirPath = "";
			projectRoot = "";
			targets = (
				B51727DE20368BE000243AA5 /* TimeToLeave */,
				B51727F620368BE000243AA5 /* TimeToLeaveTests */,
				B517280120368BE000243AA5 /* TimeToLeaveUITests */,
			);
		};
/* End PBXProject section */

/* Begin PBXResourcesBuildPhase section */
		B51727DD20368BE000243AA5 /* Resources */ = {
			isa = PBXResourcesBuildPhase;
			buildActionMask = 2147483647;
			files = (
				B51727EF20368BE000243AA5 /* LaunchScreen.storyboard in Resources */,
				B51727EC20368BE000243AA5 /* Assets.xcassets in Resources */,
				B56F2E9E2040B027009D941A /* AddPlace.storyboard in Resources */,
				B51728192036921C00243AA5 /* ETACell.xib in Resources */,
				B52DCBB0203FC24700430051 /* ActivityIndicatorCell.xib in Resources */,
				B517282B2037972600243AA5 /* Home.storyboard in Resources */,
				B5A96D5920460D2600243924 /* Settings.storyboard in Resources */,
				B5A96D572045406800243924 /* EmptyPlacesCell.xib in Resources */,
				B5A96D5B204610E400243924 /* Onboard.storyboard in Resources */,
				B51727EA20368BE000243AA5 /* Main.storyboard in Resources */,
			);
			runOnlyForDeploymentPostprocessing = 0;
		};
		B51727F520368BE000243AA5 /* Resources */ = {
			isa = PBXResourcesBuildPhase;
			buildActionMask = 2147483647;
			files = (
			);
			runOnlyForDeploymentPostprocessing = 0;
		};
		B517280020368BE000243AA5 /* Resources */ = {
			isa = PBXResourcesBuildPhase;
			buildActionMask = 2147483647;
			files = (
			);
			runOnlyForDeploymentPostprocessing = 0;
		};
/* End PBXResourcesBuildPhase section */

/* Begin PBXSourcesBuildPhase section */
		B51727DB20368BE000243AA5 /* Sources */ = {
			isa = PBXSourcesBuildPhase;
			buildActionMask = 2147483647;
			files = (
				B52DCBAB203F7EC200430051 /* BVReorderTableView.m in Sources */,
				B5749A322037BE610018EC71 /* AddModalViewController.m in Sources */,
				B5749A2C2037A1FB0018EC71 /* CornerView.m in Sources */,
				B51728212036978C00243AA5 /* ETAItem.m in Sources */,
				B51727F220368BE000243AA5 /* main.m in Sources */,
				B5A96D5E2046380E00243924 /* WelcomeViewController.m in Sources */,
				B517282520369DEE00243AA5 /* HomeTableViewController.m in Sources */,
				B5A96D5220451A0600243924 /* Animator.m in Sources */,
				B51728182036921C00243AA5 /* ETACell.m in Sources */,
				B56F2E9C2040ACA7009D941A /* NavigationLauncher.m in Sources */,
				B5749A3B203A6E630018EC71 /* PlacesManager.m in Sources */,
				B51727E420368BE000243AA5 /* AppDelegate.m in Sources */,
				B5749A3520390FCD0018EC71 /* LocationMapViewController.m in Sources */,
				B52DCBA7203E9B7400430051 /* OverlayViewController.m in Sources */,
				B5749A2F2037B7330018EC71 /* AddPlaceTableViewController.m in Sources */,
				B52DCBAF203FC24700430051 /* ActivityIndicatorCell.m in Sources */,
				B52DCBB3203FEC4F00430051 /* SettingsTableViewController.m in Sources */,
				B517281D2036927A00243AA5 /* ModernView.m in Sources */,
				B51728282037815700243AA5 /* AppConstants.m in Sources */,
				B5749A3820390FF60018EC71 /* LocationSearchTableViewController.m in Sources */,
				B5A96D562045406800243924 /* EmptyPlacesCell.m in Sources */,
			);
			runOnlyForDeploymentPostprocessing = 0;
		};
		B51727F320368BE000243AA5 /* Sources */ = {
			isa = PBXSourcesBuildPhase;
			buildActionMask = 2147483647;
			files = (
				B51727FC20368BE000243AA5 /* TimeToLeaveTests.m in Sources */,
			);
			runOnlyForDeploymentPostprocessing = 0;
		};
		B51727FE20368BE000243AA5 /* Sources */ = {
			isa = PBXSourcesBuildPhase;
			buildActionMask = 2147483647;
			files = (
				B517280720368BE000243AA5 /* TimeToLeaveUITests.m in Sources */,
			);
			runOnlyForDeploymentPostprocessing = 0;
		};
/* End PBXSourcesBuildPhase section */

/* Begin PBXTargetDependency section */
		B51727F920368BE000243AA5 /* PBXTargetDependency */ = {
			isa = PBXTargetDependency;
			target = B51727DE20368BE000243AA5 /* TimeToLeave */;
			targetProxy = B51727F820368BE000243AA5 /* PBXContainerItemProxy */;
		};
		B517280420368BE000243AA5 /* PBXTargetDependency */ = {
			isa = PBXTargetDependency;
			target = B51727DE20368BE000243AA5 /* TimeToLeave */;
			targetProxy = B517280320368BE000243AA5 /* PBXContainerItemProxy */;
		};
/* End PBXTargetDependency section */

/* Begin PBXVariantGroup section */
		B51727E820368BE000243AA5 /* Main.storyboard */ = {
			isa = PBXVariantGroup;
			children = (
				B51727E920368BE000243AA5 /* Base */,
			);
			name = Main.storyboard;
			sourceTree = "<group>";
		};
		B51727ED20368BE000243AA5 /* LaunchScreen.storyboard */ = {
			isa = PBXVariantGroup;
			children = (
				B51727EE20368BE000243AA5 /* Base */,
			);
			name = LaunchScreen.storyboard;
			sourceTree = "<group>";
		};
/* End PBXVariantGroup section */

/* Begin XCBuildConfiguration section */
		B517280920368BE000243AA5 /* Debug */ = {
			isa = XCBuildConfiguration;
			buildSettings = {
				ALWAYS_SEARCH_USER_PATHS = NO;
				CLANG_ANALYZER_NONNULL = YES;
				CLANG_ANALYZER_NUMBER_OBJECT_CONVERSION = YES_AGGRESSIVE;
				CLANG_CXX_LANGUAGE_STANDARD = "gnu++14";
				CLANG_CXX_LIBRARY = "libc++";
				CLANG_ENABLE_MODULES = YES;
				CLANG_ENABLE_OBJC_ARC = YES;
				CLANG_WARN_BLOCK_CAPTURE_AUTORELEASING = YES;
				CLANG_WARN_BOOL_CONVERSION = YES;
				CLANG_WARN_COMMA = YES;
				CLANG_WARN_CONSTANT_CONVERSION = YES;
				CLANG_WARN_DIRECT_OBJC_ISA_USAGE = YES_ERROR;
				CLANG_WARN_DOCUMENTATION_COMMENTS = YES;
				CLANG_WARN_EMPTY_BODY = YES;
				CLANG_WARN_ENUM_CONVERSION = YES;
				CLANG_WARN_INFINITE_RECURSION = YES;
				CLANG_WARN_INT_CONVERSION = YES;
				CLANG_WARN_NON_LITERAL_NULL_CONVERSION = YES;
				CLANG_WARN_OBJC_LITERAL_CONVERSION = YES;
				CLANG_WARN_OBJC_ROOT_CLASS = YES_ERROR;
				CLANG_WARN_RANGE_LOOP_ANALYSIS = YES;
				CLANG_WARN_STRICT_PROTOTYPES = YES;
				CLANG_WARN_SUSPICIOUS_MOVE = YES;
				CLANG_WARN_UNGUARDED_AVAILABILITY = YES_AGGRESSIVE;
				CLANG_WARN_UNREACHABLE_CODE = YES;
				CLANG_WARN__DUPLICATE_METHOD_MATCH = YES;
				CODE_SIGN_IDENTITY = "iPhone Developer";
				COPY_PHASE_STRIP = NO;
				DEBUG_INFORMATION_FORMAT = dwarf;
				ENABLE_STRICT_OBJC_MSGSEND = YES;
				ENABLE_TESTABILITY = YES;
				GCC_C_LANGUAGE_STANDARD = gnu11;
				GCC_DYNAMIC_NO_PIC = NO;
				GCC_NO_COMMON_BLOCKS = YES;
				GCC_OPTIMIZATION_LEVEL = 0;
				GCC_PREPROCESSOR_DEFINITIONS = (
					"DEBUG=1",
					"$(inherited)",
				);
				GCC_WARN_64_TO_32_BIT_CONVERSION = YES;
				GCC_WARN_ABOUT_RETURN_TYPE = YES_ERROR;
				GCC_WARN_UNDECLARED_SELECTOR = YES;
				GCC_WARN_UNINITIALIZED_AUTOS = YES_AGGRESSIVE;
				GCC_WARN_UNUSED_FUNCTION = YES;
				GCC_WARN_UNUSED_VARIABLE = YES;
				IPHONEOS_DEPLOYMENT_TARGET = 11.2;
				MTL_ENABLE_DEBUG_INFO = YES;
				ONLY_ACTIVE_ARCH = YES;
				SDKROOT = iphoneos;
			};
			name = Debug;
		};
		B517280A20368BE000243AA5 /* Release */ = {
			isa = XCBuildConfiguration;
			buildSettings = {
				ALWAYS_SEARCH_USER_PATHS = NO;
				CLANG_ANALYZER_NONNULL = YES;
				CLANG_ANALYZER_NUMBER_OBJECT_CONVERSION = YES_AGGRESSIVE;
				CLANG_CXX_LANGUAGE_STANDARD = "gnu++14";
				CLANG_CXX_LIBRARY = "libc++";
				CLANG_ENABLE_MODULES = YES;
				CLANG_ENABLE_OBJC_ARC = YES;
				CLANG_WARN_BLOCK_CAPTURE_AUTORELEASING = YES;
				CLANG_WARN_BOOL_CONVERSION = YES;
				CLANG_WARN_COMMA = YES;
				CLANG_WARN_CONSTANT_CONVERSION = YES;
				CLANG_WARN_DIRECT_OBJC_ISA_USAGE = YES_ERROR;
				CLANG_WARN_DOCUMENTATION_COMMENTS = YES;
				CLANG_WARN_EMPTY_BODY = YES;
				CLANG_WARN_ENUM_CONVERSION = YES;
				CLANG_WARN_INFINITE_RECURSION = YES;
				CLANG_WARN_INT_CONVERSION = YES;
				CLANG_WARN_NON_LITERAL_NULL_CONVERSION = YES;
				CLANG_WARN_OBJC_LITERAL_CONVERSION = YES;
				CLANG_WARN_OBJC_ROOT_CLASS = YES_ERROR;
				CLANG_WARN_RANGE_LOOP_ANALYSIS = YES;
				CLANG_WARN_STRICT_PROTOTYPES = YES;
				CLANG_WARN_SUSPICIOUS_MOVE = YES;
				CLANG_WARN_UNGUARDED_AVAILABILITY = YES_AGGRESSIVE;
				CLANG_WARN_UNREACHABLE_CODE = YES;
				CLANG_WARN__DUPLICATE_METHOD_MATCH = YES;
				CODE_SIGN_IDENTITY = "iPhone Developer";
				COPY_PHASE_STRIP = NO;
				DEBUG_INFORMATION_FORMAT = "dwarf-with-dsym";
				ENABLE_NS_ASSERTIONS = NO;
				ENABLE_STRICT_OBJC_MSGSEND = YES;
				GCC_C_LANGUAGE_STANDARD = gnu11;
				GCC_NO_COMMON_BLOCKS = YES;
				GCC_WARN_64_TO_32_BIT_CONVERSION = YES;
				GCC_WARN_ABOUT_RETURN_TYPE = YES_ERROR;
				GCC_WARN_UNDECLARED_SELECTOR = YES;
				GCC_WARN_UNINITIALIZED_AUTOS = YES_AGGRESSIVE;
				GCC_WARN_UNUSED_FUNCTION = YES;
				GCC_WARN_UNUSED_VARIABLE = YES;
				IPHONEOS_DEPLOYMENT_TARGET = 11.2;
				MTL_ENABLE_DEBUG_INFO = NO;
				SDKROOT = iphoneos;
				VALIDATE_PRODUCT = YES;
			};
			name = Release;
		};
		B517280C20368BE000243AA5 /* Debug */ = {
			isa = XCBuildConfiguration;
			buildSettings = {
				ASSETCATALOG_COMPILER_APPICON_NAME = AppIcon;
				CODE_SIGN_STYLE = Automatic;
				DEVELOPMENT_TEAM = UZV9JB2U7V;
				INFOPLIST_FILE = TimeToLeave/Info.plist;
				IPHONEOS_DEPLOYMENT_TARGET = 11.0;
				LD_RUNPATH_SEARCH_PATHS = "$(inherited) @executable_path/Frameworks";
				PRODUCT_BUNDLE_IDENTIFIER = punya.TimeToLeave;
				PRODUCT_NAME = "$(TARGET_NAME)";
				TARGETED_DEVICE_FAMILY = "1,2";
			};
			name = Debug;
		};
		B517280D20368BE000243AA5 /* Release */ = {
			isa = XCBuildConfiguration;
			buildSettings = {
				ASSETCATALOG_COMPILER_APPICON_NAME = AppIcon;
				CODE_SIGN_STYLE = Automatic;
				DEVELOPMENT_TEAM = UZV9JB2U7V;
				INFOPLIST_FILE = TimeToLeave/Info.plist;
				IPHONEOS_DEPLOYMENT_TARGET = 11.0;
				LD_RUNPATH_SEARCH_PATHS = "$(inherited) @executable_path/Frameworks";
				PRODUCT_BUNDLE_IDENTIFIER = punya.TimeToLeave;
				PRODUCT_NAME = "$(TARGET_NAME)";
				TARGETED_DEVICE_FAMILY = "1,2";
			};
			name = Release;
		};
		B517280F20368BE000243AA5 /* Debug */ = {
			isa = XCBuildConfiguration;
			buildSettings = {
				BUNDLE_LOADER = "$(TEST_HOST)";
				CODE_SIGN_STYLE = Automatic;
				DEVELOPMENT_TEAM = UZV9JB2U7V;
				INFOPLIST_FILE = TimeToLeaveTests/Info.plist;
				LD_RUNPATH_SEARCH_PATHS = "$(inherited) @executable_path/Frameworks @loader_path/Frameworks";
				PRODUCT_BUNDLE_IDENTIFIER = punya.TimeToLeaveTests;
				PRODUCT_NAME = "$(TARGET_NAME)";
				TARGETED_DEVICE_FAMILY = "1,2";
				TEST_HOST = "$(BUILT_PRODUCTS_DIR)/TimeToLeave.app/TimeToLeave";
			};
			name = Debug;
		};
		B517281020368BE000243AA5 /* Release */ = {
			isa = XCBuildConfiguration;
			buildSettings = {
				BUNDLE_LOADER = "$(TEST_HOST)";
				CODE_SIGN_STYLE = Automatic;
				DEVELOPMENT_TEAM = UZV9JB2U7V;
				INFOPLIST_FILE = TimeToLeaveTests/Info.plist;
				LD_RUNPATH_SEARCH_PATHS = "$(inherited) @executable_path/Frameworks @loader_path/Frameworks";
				PRODUCT_BUNDLE_IDENTIFIER = punya.TimeToLeaveTests;
				PRODUCT_NAME = "$(TARGET_NAME)";
				TARGETED_DEVICE_FAMILY = "1,2";
				TEST_HOST = "$(BUILT_PRODUCTS_DIR)/TimeToLeave.app/TimeToLeave";
			};
			name = Release;
		};
		B517281220368BE000243AA5 /* Debug */ = {
			isa = XCBuildConfiguration;
			buildSettings = {
				CODE_SIGN_STYLE = Automatic;
				DEVELOPMENT_TEAM = UZV9JB2U7V;
				INFOPLIST_FILE = TimeToLeaveUITests/Info.plist;
				LD_RUNPATH_SEARCH_PATHS = "$(inherited) @executable_path/Frameworks @loader_path/Frameworks";
				PRODUCT_BUNDLE_IDENTIFIER = punya.TimeToLeaveUITests;
				PRODUCT_NAME = "$(TARGET_NAME)";
				TARGETED_DEVICE_FAMILY = "1,2";
				TEST_TARGET_NAME = TimeToLeave;
			};
			name = Debug;
		};
		B517281320368BE000243AA5 /* Release */ = {
			isa = XCBuildConfiguration;
			buildSettings = {
				CODE_SIGN_STYLE = Automatic;
				DEVELOPMENT_TEAM = UZV9JB2U7V;
				INFOPLIST_FILE = TimeToLeaveUITests/Info.plist;
				LD_RUNPATH_SEARCH_PATHS = "$(inherited) @executable_path/Frameworks @loader_path/Frameworks";
				PRODUCT_BUNDLE_IDENTIFIER = punya.TimeToLeaveUITests;
				PRODUCT_NAME = "$(TARGET_NAME)";
				TARGETED_DEVICE_FAMILY = "1,2";
				TEST_TARGET_NAME = TimeToLeave;
			};
			name = Release;
		};
/* End XCBuildConfiguration section */

/* Begin XCConfigurationList section */
		B51727DA20368BE000243AA5 /* Build configuration list for PBXProject "TimeToLeave" */ = {
			isa = XCConfigurationList;
			buildConfigurations = (
				B517280920368BE000243AA5 /* Debug */,
				B517280A20368BE000243AA5 /* Release */,
			);
			defaultConfigurationIsVisible = 0;
			defaultConfigurationName = Release;
		};
		B517280B20368BE000243AA5 /* Build configuration list for PBXNativeTarget "TimeToLeave" */ = {
			isa = XCConfigurationList;
			buildConfigurations = (
				B517280C20368BE000243AA5 /* Debug */,
				B517280D20368BE000243AA5 /* Release */,
			);
			defaultConfigurationIsVisible = 0;
			defaultConfigurationName = Release;
		};
		B517280E20368BE000243AA5 /* Build configuration list for PBXNativeTarget "TimeToLeaveTests" */ = {
			isa = XCConfigurationList;
			buildConfigurations = (
				B517280F20368BE000243AA5 /* Debug */,
				B517281020368BE000243AA5 /* Release */,
			);
			defaultConfigurationIsVisible = 0;
			defaultConfigurationName = Release;
		};
		B517281120368BE000243AA5 /* Build configuration list for PBXNativeTarget "TimeToLeaveUITests" */ = {
			isa = XCConfigurationList;
			buildConfigurations = (
				B517281220368BE000243AA5 /* Debug */,
				B517281320368BE000243AA5 /* Release */,
			);
			defaultConfigurationIsVisible = 0;
			defaultConfigurationName = Release;
		};
/* End XCConfigurationList section */
	};
	rootObject = B51727D720368BE000243AA5 /* Project object */;
}
